// !$*UTF8*$!
{
	archiveVersion = 1;
	classes = {
	};
	objectVersion = 46;
	objects = {

/* Begin PBXBuildFile section */
		8D3739981E99CAE000DE371D /* AppDelegate.swift in Sources */ = {isa = PBXBuildFile; fileRef = 8D3739971E99CAE000DE371D /* AppDelegate.swift */; };
		8D37399A1E99CAE000DE371D /* ViewController.swift in Sources */ = {isa = PBXBuildFile; fileRef = 8D3739991E99CAE000DE371D /* ViewController.swift */; };
		8D37399D1E99CAE000DE371D /* Main.storyboard in Resources */ = {isa = PBXBuildFile; fileRef = 8D37399B1E99CAE000DE371D /* Main.storyboard */; };
		8D37399F1E99CAE000DE371D /* Assets.xcassets in Resources */ = {isa = PBXBuildFile; fileRef = 8D37399E1E99CAE000DE371D /* Assets.xcassets */; };
		8D3739A21E99CAE000DE371D /* LaunchScreen.storyboard in Resources */ = {isa = PBXBuildFile; fileRef = 8D3739A01E99CAE000DE371D /* LaunchScreen.storyboard */; };
		8D3739AD1E99CAE000DE371D /* appNewsTests.swift in Sources */ = {isa = PBXBuildFile; fileRef = 8D3739AC1E99CAE000DE371D /* appNewsTests.swift */; };
		8D3739B81E99CAE000DE371D /* appNewsUITests.swift in Sources */ = {isa = PBXBuildFile; fileRef = 8D3739B71E99CAE000DE371D /* appNewsUITests.swift */; };
/* End PBXBuildFile section */

/* Begin PBXContainerItemProxy section */
		8D3739A91E99CAE000DE371D /* PBXContainerItemProxy */ = {
			isa = PBXContainerItemProxy;
			containerPortal = 8D37398C1E99CAE000DE371D /* Project object */;
			proxyType = 1;
			remoteGlobalIDString = 8D3739931E99CAE000DE371D;
			remoteInfo = appNews;
		};
		8D3739B41E99CAE000DE371D /* PBXContainerItemProxy */ = {
			isa = PBXContainerItemProxy;
			containerPortal = 8D37398C1E99CAE000DE371D /* Project object */;
			proxyType = 1;
			remoteGlobalIDString = 8D3739931E99CAE000DE371D;
			remoteInfo = appNews;
		};
/* End PBXContainerItemProxy section */

/* Begin PBXFileReference section */
		8D3739941E99CAE000DE371D /* appNews.app */ = {isa = PBXFileReference; explicitFileType = wrapper.application; includeInIndex = 0; path = appNews.app; sourceTree = BUILT_PRODUCTS_DIR; };
		8D3739971E99CAE000DE371D /* AppDelegate.swift */ = {isa = PBXFileReference; lastKnownFileType = sourcecode.swift; path = AppDelegate.swift; sourceTree = "<group>"; };
		8D3739991E99CAE000DE371D /* ViewController.swift */ = {isa = PBXFileReference; lastKnownFileType = sourcecode.swift; path = ViewController.swift; sourceTree = "<group>"; };
		8D37399C1E99CAE000DE371D /* Base */ = {isa = PBXFileReference; lastKnownFileType = file.storyboard; name = Base; path = Base.lproj/Main.storyboard; sourceTree = "<group>"; };
		8D37399E1E99CAE000DE371D /* Assets.xcassets */ = {isa = PBXFileReference; lastKnownFileType = folder.assetcatalog; path = Assets.xcassets; sourceTree = "<group>"; };
		8D3739A11E99CAE000DE371D /* Base */ = {isa = PBXFileReference; lastKnownFileType = file.storyboard; name = Base; path = Base.lproj/LaunchScreen.storyboard; sourceTree = "<group>"; };
		8D3739A31E99CAE000DE371D /* Info.plist */ = {isa = PBXFileReference; lastKnownFileType = text.plist.xml; path = Info.plist; sourceTree = "<group>"; };
		8D3739A81E99CAE000DE371D /* appNewsTests.xctest */ = {isa = PBXFileReference; explicitFileType = wrapper.cfbundle; includeInIndex = 0; path = appNewsTests.xctest; sourceTree = BUILT_PRODUCTS_DIR; };
		8D3739AC1E99CAE000DE371D /* appNewsTests.swift */ = {isa = PBXFileReference; lastKnownFileType = sourcecode.swift; path = appNewsTests.swift; sourceTree = "<group>"; };
		8D3739AE1E99CAE000DE371D /* Info.plist */ = {isa = PBXFileReference; lastKnownFileType = text.plist.xml; path = Info.plist; sourceTree = "<group>"; };
		8D3739B31E99CAE000DE371D /* appNewsUITests.xctest */ = {isa = PBXFileReference; explicitFileType = wrapper.cfbundle; includeInIndex = 0; path = appNewsUITests.xctest; sourceTree = BUILT_PRODUCTS_DIR; };
		8D3739B71E99CAE000DE371D /* appNewsUITests.swift */ = {isa = PBXFileReference; lastKnownFileType = sourcecode.swift; path = appNewsUITests.swift; sourceTree = "<group>"; };
		8D3739B91E99CAE000DE371D /* Info.plist */ = {isa = PBXFileReference; lastKnownFileType = text.plist.xml; path = Info.plist; sourceTree = "<group>"; };
/* End PBXFileReference section */

/* Begin PBXFrameworksBuildPhase section */
		8D3739911E99CAE000DE371D /* Frameworks */ = {
			isa = PBXFrameworksBuildPhase;
			buildActionMask = 2147483647;
			files = (
			);
			runOnlyForDeploymentPostprocessing = 0;
		};
		8D3739A51E99CAE000DE371D /* Frameworks */ = {
			isa = PBXFrameworksBuildPhase;
			buildActionMask = 2147483647;
			files = (
			);
			runOnlyForDeploymentPostprocessing = 0;
		};
		8D3739B01E99CAE000DE371D /* Frameworks */ = {
			isa = PBXFrameworksBuildPhase;
			buildActionMask = 2147483647;
			files = (
			);
			runOnlyForDeploymentPostprocessing = 0;
		};
/* End PBXFrameworksBuildPhase section */

/* Begin PBXGroup section */
		8D37398B1E99CAE000DE371D = {
			isa = PBXGroup;
			children = (
				8D3739961E99CAE000DE371D /* appNews */,
				8D3739AB1E99CAE000DE371D /* appNewsTests */,
				8D3739B61E99CAE000DE371D /* appNewsUITests */,
				8D3739951E99CAE000DE371D /* Products */,
			);
			sourceTree = "<group>";
		};
		8D3739951E99CAE000DE371D /* Products */ = {
			isa = PBXGroup;
			children = (
				8D3739941E99CAE000DE371D /* appNews.app */,
				8D3739A81E99CAE000DE371D /* appNewsTests.xctest */,
				8D3739B31E99CAE000DE371D /* appNewsUITests.xctest */,
			);
			name = Products;
			sourceTree = "<group>";
		};
		8D3739961E99CAE000DE371D /* appNews */ = {
			isa = PBXGroup;
			children = (
				8D3739971E99CAE000DE371D /* AppDelegate.swift */,
				8D3739991E99CAE000DE371D /* ViewController.swift */,
				8D37399B1E99CAE000DE371D /* Main.storyboard */,
				8D37399E1E99CAE000DE371D /* Assets.xcassets */,
				8D3739A01E99CAE000DE371D /* LaunchScreen.storyboard */,
				8D3739A31E99CAE000DE371D /* Info.plist */,
			);
			path = appNews;
			sourceTree = "<group>";
		};
		8D3739AB1E99CAE000DE371D /* appNewsTests */ = {
			isa = PBXGroup;
			children = (
				8D3739AC1E99CAE000DE371D /* appNewsTests.swift */,
				8D3739AE1E99CAE000DE371D /* Info.plist */,
			);
			path = appNewsTests;
			sourceTree = "<group>";
		};
		8D3739B61E99CAE000DE371D /* appNewsUITests */ = {
			isa = PBXGroup;
			children = (
				8D3739B71E99CAE000DE371D /* appNewsUITests.swift */,
				8D3739B91E99CAE000DE371D /* Info.plist */,
			);
			path = appNewsUITests;
			sourceTree = "<group>";
		};
/* End PBXGroup section */

/* Begin PBXNativeTarget section */
		8D3739931E99CAE000DE371D /* appNews */ = {
			isa = PBXNativeTarget;
			buildConfigurationList = 8D3739BC1E99CAE000DE371D /* Build configuration list for PBXNativeTarget "appNews" */;
			buildPhases = (
				8D3739901E99CAE000DE371D /* Sources */,
				8D3739911E99CAE000DE371D /* Frameworks */,
				8D3739921E99CAE000DE371D /* Resources */,
			);
			buildRules = (
			);
			dependencies = (
			);
			name = appNews;
			productName = appNews;
			productReference = 8D3739941E99CAE000DE371D /* appNews.app */;
			productType = "com.apple.product-type.application";
		};
		8D3739A71E99CAE000DE371D /* appNewsTests */ = {
			isa = PBXNativeTarget;
			buildConfigurationList = 8D3739BF1E99CAE000DE371D /* Build configuration list for PBXNativeTarget "appNewsTests" */;
			buildPhases = (
				8D3739A41E99CAE000DE371D /* Sources */,
				8D3739A51E99CAE000DE371D /* Frameworks */,
				8D3739A61E99CAE000DE371D /* Resources */,
			);
			buildRules = (
			);
			dependencies = (
				8D3739AA1E99CAE000DE371D /* PBXTargetDependency */,
			);
			name = appNewsTests;
			productName = appNewsTests;
			productReference = 8D3739A81E99CAE000DE371D /* appNewsTests.xctest */;
			productType = "com.apple.product-type.bundle.unit-test";
		};
		8D3739B21E99CAE000DE371D /* appNewsUITests */ = {
			isa = PBXNativeTarget;
			buildConfigurationList = 8D3739C21E99CAE000DE371D /* Build configuration list for PBXNativeTarget "appNewsUITests" */;
			buildPhases = (
				8D3739AF1E99CAE000DE371D /* Sources */,
				8D3739B01E99CAE000DE371D /* Frameworks */,
				8D3739B11E99CAE000DE371D /* Resources */,
			);
			buildRules = (
			);
			dependencies = (
				8D3739B51E99CAE000DE371D /* PBXTargetDependency */,
			);
			name = appNewsUITests;
			productName = appNewsUITests;
			productReference = 8D3739B31E99CAE000DE371D /* appNewsUITests.xctest */;
			productType = "com.apple.product-type.bundle.ui-testing";
		};
/* End PBXNativeTarget section */

/* Begin PBXProject section */
		8D37398C1E99CAE000DE371D /* Project object */ = {
			isa = PBXProject;
			attributes = {
				LastSwiftUpdateCheck = 0820;
				LastUpgradeCheck = 0820;
				ORGANIZATIONNAME = "George Michelon";
				TargetAttributes = {
					8D3739931E99CAE000DE371D = {
						CreatedOnToolsVersion = 8.2.1;
						DevelopmentTeam = NQCYS2UPW9;
						ProvisioningStyle = Automatic;
					};
					8D3739A71E99CAE000DE371D = {
						CreatedOnToolsVersion = 8.2.1;
						DevelopmentTeam = NQCYS2UPW9;
						ProvisioningStyle = Automatic;
						TestTargetID = 8D3739931E99CAE000DE371D;
					};
					8D3739B21E99CAE000DE371D = {
						CreatedOnToolsVersion = 8.2.1;
						DevelopmentTeam = NQCYS2UPW9;
						ProvisioningStyle = Automatic;
						TestTargetID = 8D3739931E99CAE000DE371D;
					};
				};
			};
			buildConfigurationList = 8D37398F1E99CAE000DE371D /* Build configuration list for PBXProject "appNews" */;
			compatibilityVersion = "Xcode 3.2";
			developmentRegion = English;
			hasScannedForEncodings = 0;
			knownRegions = (
				en,
				Base,
			);
			mainGroup = 8D37398B1E99CAE000DE371D;
			productRefGroup = 8D3739951E99CAE000DE371D /* Products */;
			projectDirPath = "";
			projectRoot = "";
			targets = (
				8D3739931E99CAE000DE371D /* appNews */,
				8D3739A71E99CAE000DE371D /* appNewsTests */,
				8D3739B21E99CAE000DE371D /* appNewsUITests */,
			);
		};
/* End PBXProject section */

/* Begin PBXResourcesBuildPhase section */
		8D3739921E99CAE000DE371D /* Resources */ = {
			isa = PBXResourcesBuildPhase;
			buildActionMask = 2147483647;
			files = (
				8D3739A21E99CAE000DE371D /* LaunchScreen.storyboard in Resources */,
				8D37399F1E99CAE000DE371D /* Assets.xcassets in Resources */,
				8D37399D1E99CAE000DE371D /* Main.storyboard in Resources */,
			);
			runOnlyForDeploymentPostprocessing = 0;
		};
		8D3739A61E99CAE000DE371D /* Resources */ = {
			isa = PBXResourcesBuildPhase;
			buildActionMask = 2147483647;
			files = (
			);
			runOnlyForDeploymentPostprocessing = 0;
		};
		8D3739B11E99CAE000DE371D /* Resources */ = {
			isa = PBXResourcesBuildPhase;
			buildActionMask = 2147483647;
			files = (
			);
			runOnlyForDeploymentPostprocessing = 0;
		};
/* End PBXResourcesBuildPhase section */

/* Begin PBXSourcesBuildPhase section */
		8D3739901E99CAE000DE371D /* Sources */ = {
			isa = PBXSourcesBuildPhase;
			buildActionMask = 2147483647;
			files = (
				8D37399A1E99CAE000DE371D /* ViewController.swift in Sources */,
				8D3739981E99CAE000DE371D /* AppDelegate.swift in Sources */,
			);
			runOnlyForDeploymentPostprocessing = 0;
		};
		8D3739A41E99CAE000DE371D /* Sources */ = {
			isa = PBXSourcesBuildPhase;
			buildActionMask = 2147483647;
			files = (
				8D3739AD1E99CAE000DE371D /* appNewsTests.swift in Sources */,
			);
			runOnlyForDeploymentPostprocessing = 0;
		};
		8D3739AF1E99CAE000DE371D /* Sources */ = {
			isa = PBXSourcesBuildPhase;
			buildActionMask = 2147483647;
			files = (
				8D3739B81E99CAE000DE371D /* appNewsUITests.swift in Sources */,
			);
			runOnlyForDeploymentPostprocessing = 0;
		};
/* End PBXSourcesBuildPhase section */

/* Begin PBXTargetDependency section */
		8D3739AA1E99CAE000DE371D /* PBXTargetDependency */ = {
			isa = PBXTargetDependency;
			target = 8D3739931E99CAE000DE371D /* appNews */;
			targetProxy = 8D3739A91E99CAE000DE371D /* PBXContainerItemProxy */;
		};
		8D3739B51E99CAE000DE371D /* PBXTargetDependency */ = {
			isa = PBXTargetDependency;
			target = 8D3739931E99CAE000DE371D /* appNews */;
			targetProxy = 8D3739B41E99CAE000DE371D /* PBXContainerItemProxy */;
		};
/* End PBXTargetDependency section */

/* Begin PBXVariantGroup section */
		8D37399B1E99CAE000DE371D /* Main.storyboard */ = {
			isa = PBXVariantGroup;
			children = (
				8D37399C1E99CAE000DE371D /* Base */,
			);
			name = Main.storyboard;
			sourceTree = "<group>";
		};
		8D3739A01E99CAE000DE371D /* LaunchScreen.storyboard */ = {
			isa = PBXVariantGroup;
			children = (
				8D3739A11E99CAE000DE371D /* Base */,
			);
			name = LaunchScreen.storyboard;
			sourceTree = "<group>";
		};
/* End PBXVariantGroup section */

/* Begin XCBuildConfiguration section */
		8D3739BA1E99CAE000DE371D /* Debug */ = {
			isa = XCBuildConfiguration;
			buildSettings = {
				ALWAYS_SEARCH_USER_PATHS = NO;
				CLANG_ANALYZER_NONNULL = YES;
				CLANG_CXX_LANGUAGE_STANDARD = "gnu++0x";
				CLANG_CXX_LIBRARY = "libc++";
				CLANG_ENABLE_MODULES = YES;
				CLANG_ENABLE_OBJC_ARC = YES;
				CLANG_WARN_BOOL_CONVERSION = YES;
				CLANG_WARN_CONSTANT_CONVERSION = YES;
				CLANG_WARN_DIRECT_OBJC_ISA_USAGE = YES_ERROR;
				CLANG_WARN_DOCUMENTATION_COMMENTS = YES;
				CLANG_WARN_EMPTY_BODY = YES;
				CLANG_WARN_ENUM_CONVERSION = YES;
				CLANG_WARN_INFINITE_RECURSION = YES;
				CLANG_WARN_INT_CONVERSION = YES;
				CLANG_WARN_OBJC_ROOT_CLASS = YES_ERROR;
				CLANG_WARN_SUSPICIOUS_MOVE = YES;
				CLANG_WARN_UNREACHABLE_CODE = YES;
				CLANG_WARN__DUPLICATE_METHOD_MATCH = YES;
				"CODE_SIGN_IDENTITY[sdk=iphoneos*]" = "iPhone Developer";
				COPY_PHASE_STRIP = NO;
				DEBUG_INFORMATION_FORMAT = dwarf;
				ENABLE_STRICT_OBJC_MSGSEND = YES;
				ENABLE_TESTABILITY = YES;
				GCC_C_LANGUAGE_STANDARD = gnu99;
				GCC_DYNAMIC_NO_PIC = NO;
				GCC_NO_COMMON_BLOCKS = YES;
				GCC_OPTIMIZATION_LEVEL = 0;
				GCC_PREPROCESSOR_DEFINITIONS = (
					"DEBUG=1",
					"$(inherited)",
				);
				GCC_WARN_64_TO_32_BIT_CONVERSION = YES;
				GCC_WARN_ABOUT_RETURN_TYPE = YES_ERROR;
				GCC_WARN_UNDECLARED_SELECTOR = YES;
				GCC_WARN_UNINITIALIZED_AUTOS = YES_AGGRESSIVE;
				GCC_WARN_UNUSED_FUNCTION = YES;
				GCC_WARN_UNUSED_VARIABLE = YES;
				IPHONEOS_DEPLOYMENT_TARGET = 10.2;
				MTL_ENABLE_DEBUG_INFO = YES;
				ONLY_ACTIVE_ARCH = YES;
				SDKROOT = iphoneos;
				SWIFT_ACTIVE_COMPILATION_CONDITIONS = DEBUG;
				SWIFT_OPTIMIZATION_LEVEL = "-Onone";
				TARGETED_DEVICE_FAMILY = "1,2";
			};
			name = Debug;
		};
		8D3739BB1E99CAE000DE371D /* Release */ = {
			isa = XCBuildConfiguration;
			buildSettings = {
				ALWAYS_SEARCH_USER_PATHS = NO;
				CLANG_ANALYZER_NONNULL = YES;
				CLANG_CXX_LANGUAGE_STANDARD = "gnu++0x";
				CLANG_CXX_LIBRARY = "libc++";
				CLANG_ENABLE_MODULES = YES;
				CLANG_ENABLE_OBJC_ARC = YES;
				CLANG_WARN_BOOL_CONVERSION = YES;
				CLANG_WARN_CONSTANT_CONVERSION = YES;
				CLANG_WARN_DIRECT_OBJC_ISA_USAGE = YES_ERROR;
				CLANG_WARN_DOCUMENTATION_COMMENTS = YES;
				CLANG_WARN_EMPTY_BODY = YES;
				CLANG_WARN_ENUM_CONVERSION = YES;
				CLANG_WARN_INFINITE_RECURSION = YES;
				CLANG_WARN_INT_CONVERSION = YES;
				CLANG_WARN_OBJC_ROOT_CLASS = YES_ERROR;
				CLANG_WARN_SUSPICIOUS_MOVE = YES;
				CLANG_WARN_UNREACHABLE_CODE = YES;
				CLANG_WARN__DUPLICATE_METHOD_MATCH = YES;
				"CODE_SIGN_IDENTITY[sdk=iphoneos*]" = "iPhone Developer";
				COPY_PHASE_STRIP = NO;
				DEBUG_INFORMATION_FORMAT = "dwarf-with-dsym";
				ENABLE_NS_ASSERTIONS = NO;
				ENABLE_STRICT_OBJC_MSGSEND = YES;
				GCC_C_LANGUAGE_STANDARD = gnu99;
				GCC_NO_COMMON_BLOCKS = YES;
				GCC_WARN_64_TO_32_BIT_CONVERSION = YES;
				GCC_WARN_ABOUT_RETURN_TYPE = YES_ERROR;
				GCC_WARN_UNDECLARED_SELECTOR = YES;
				GCC_WARN_UNINITIALIZED_AUTOS = YES_AGGRESSIVE;
				GCC_WARN_UNUSED_FUNCTION = YES;
				GCC_WARN_UNUSED_VARIABLE = YES;
				IPHONEOS_DEPLOYMENT_TARGET = 10.2;
				MTL_ENABLE_DEBUG_INFO = NO;
				SDKROOT = iphoneos;
				SWIFT_OPTIMIZATION_LEVEL = "-Owholemodule";
				TARGETED_DEVICE_FAMILY = "1,2";
				VALIDATE_PRODUCT = YES;
			};
			name = Release;
		};
		8D3739BD1E99CAE000DE371D /* Debug */ = {
			isa = XCBuildConfiguration;
			buildSettings = {
				ASSETCATALOG_COMPILER_APPICON_NAME = AppIcon;
				DEVELOPMENT_TEAM = NQCYS2UPW9;
				INFOPLIST_FILE = appNews/Info.plist;
				LD_RUNPATH_SEARCH_PATHS = "$(inherited) @executable_path/Frameworks";
				PRODUCT_BUNDLE_IDENTIFIER = com.geomichelon.appNews;
				PRODUCT_NAME = "$(TARGET_NAME)";
				SWIFT_VERSION = 3.0;
			};
			name = Debug;
		};
		8D3739BE1E99CAE000DE371D /* Release */ = {
			isa = XCBuildConfiguration;
			buildSettings = {
				ASSETCATALOG_COMPILER_APPICON_NAME = AppIcon;
				DEVELOPMENT_TEAM = NQCYS2UPW9;
				INFOPLIST_FILE = appNews/Info.plist;
				LD_RUNPATH_SEARCH_PATHS = "$(inherited) @executable_path/Frameworks";
				PRODUCT_BUNDLE_IDENTIFIER = com.geomichelon.appNews;
				PRODUCT_NAME = "$(TARGET_NAME)";
				SWIFT_VERSION = 3.0;
			};
			name = Release;
		};
		8D3739C01E99CAE000DE371D /* Debug */ = {
			isa = XCBuildConfiguration;
			buildSettings = {
				ALWAYS_EMBED_SWIFT_STANDARD_LIBRARIES = YES;
				BUNDLE_LOADER = "$(TEST_HOST)";
				DEVELOPMENT_TEAM = NQCYS2UPW9;
				INFOPLIST_FILE = appNewsTests/Info.plist;
				LD_RUNPATH_SEARCH_PATHS = "$(inherited) @executable_path/Frameworks @loader_path/Frameworks";
				PRODUCT_BUNDLE_IDENTIFIER = com.geomichelon.appNewsTests;
				PRODUCT_NAME = "$(TARGET_NAME)";
				SWIFT_VERSION = 3.0;
				TEST_HOST = "$(BUILT_PRODUCTS_DIR)/appNews.app/appNews";
			};
			name = Debug;
		};
		8D3739C11E99CAE000DE371D /* Release */ = {
			isa = XCBuildConfiguration;
			buildSettings = {
				ALWAYS_EMBED_SWIFT_STANDARD_LIBRARIES = YES;
				BUNDLE_LOADER = "$(TEST_HOST)";
				DEVELOPMENT_TEAM = NQCYS2UPW9;
				INFOPLIST_FILE = appNewsTests/Info.plist;
				LD_RUNPATH_SEARCH_PATHS = "$(inherited) @executable_path/Frameworks @loader_path/Frameworks";
				PRODUCT_BUNDLE_IDENTIFIER = com.geomichelon.appNewsTests;
				PRODUCT_NAME = "$(TARGET_NAME)";
				SWIFT_VERSION = 3.0;
				TEST_HOST = "$(BUILT_PRODUCTS_DIR)/appNews.app/appNews";
			};
			name = Release;
		};
		8D3739C31E99CAE000DE371D /* Debug */ = {
			isa = XCBuildConfiguration;
			buildSettings = {
				ALWAYS_EMBED_SWIFT_STANDARD_LIBRARIES = YES;
				DEVELOPMENT_TEAM = NQCYS2UPW9;
				INFOPLIST_FILE = appNewsUITests/Info.plist;
				LD_RUNPATH_SEARCH_PATHS = "$(inherited) @executable_path/Frameworks @loader_path/Frameworks";
				PRODUCT_BUNDLE_IDENTIFIER = com.geomichelon.appNewsUITests;
				PRODUCT_NAME = "$(TARGET_NAME)";
				SWIFT_VERSION = 3.0;
				TEST_TARGET_NAME = appNews;
			};
			name = Debug;
		};
		8D3739C41E99CAE000DE371D /* Release */ = {
			isa = XCBuildConfiguration;
			buildSettings = {
				ALWAYS_EMBED_SWIFT_STANDARD_LIBRARIES = YES;
				DEVELOPMENT_TEAM = NQCYS2UPW9;
				INFOPLIST_FILE = appNewsUITests/Info.plist;
				LD_RUNPATH_SEARCH_PATHS = "$(inherited) @executable_path/Frameworks @loader_path/Frameworks";
				PRODUCT_BUNDLE_IDENTIFIER = com.geomichelon.appNewsUITests;
				PRODUCT_NAME = "$(TARGET_NAME)";
				SWIFT_VERSION = 3.0;
				TEST_TARGET_NAME = appNews;
			};
			name = Release;
		};
/* End XCBuildConfiguration section */

/* Begin XCConfigurationList section */
		8D37398F1E99CAE000DE371D /* Build configuration list for PBXProject "appNews" */ = {
			isa = XCConfigurationList;
			buildConfigurations = (
				8D3739BA1E99CAE000DE371D /* Debug */,
				8D3739BB1E99CAE000DE371D /* Release */,
			);
			defaultConfigurationIsVisible = 0;
			defaultConfigurationName = Release;
		};
		8D3739BC1E99CAE000DE371D /* Build configuration list for PBXNativeTarget "appNews" */ = {
			isa = XCConfigurationList;
			buildConfigurations = (
				8D3739BD1E99CAE000DE371D /* Debug */,
				8D3739BE1E99CAE000DE371D /* Release */,
			);
			defaultConfigurationIsVisible = 0;
		};
		8D3739BF1E99CAE000DE371D /* Build configuration list for PBXNativeTarget "appNewsTests" */ = {
			isa = XCConfigurationList;
			buildConfigurations = (
				8D3739C01E99CAE000DE371D /* Debug */,
				8D3739C11E99CAE000DE371D /* Release */,
			);
			defaultConfigurationIsVisible = 0;
		};
		8D3739C21E99CAE000DE371D /* Build configuration list for PBXNativeTarget "appNewsUITests" */ = {
			isa = XCConfigurationList;
			buildConfigurations = (
				8D3739C31E99CAE000DE371D /* Debug */,
				8D3739C41E99CAE000DE371D /* Release */,
			);
			defaultConfigurationIsVisible = 0;
		};
/* End XCConfigurationList section */
	};
	rootObject = 8D37398C1E99CAE000DE371D /* Project object */;
}
